
Microsoft Visual Studio Solution File, Format Version 12.00
# Visual Studio 2013
VisualStudioVersion = 12.0.31101.0
MinimumVisualStudioVersion = 10.0.40219.1
Project("{FAE04EC0-301F-11D3-BF4B-00C04F79EFBC}") = "EFSimple", "EFSimple\EFSimple.csproj", "{28FD8805-20EC-4841-AD0C-EDACD1246AB9}"
EndProject
Project("{FAE04EC0-301F-11D3-BF4B-00C04F79EFBC}") = "InheritanceEFExample", "InheritanceEFExample\InheritanceEFExample.csproj", "{09F8831C-464F-4067-A9AB-8F79059B49A6}"
EndProject
Project("{FAE04EC0-301F-11D3-BF4B-00C04F79EFBC}") = "InheritanceEFExampleTpt", "InheritanceEFExampleTpt\InheritanceEFExampleTpt.csproj", "{D3CDEA17-FAC5-45C8-AA59-3D76E76F73BF}"
EndProject
Project("{FAE04EC0-301F-11D3-BF4B-00C04F79EFBC}") = "InheritanceEFExampleTpc", "InheritanceEFExampleTpc\InheritanceEFExampleTpc.csproj", "{1D2A2FC0-F2D4-4EC9-920C-1A0C58982866}"
EndProject
Global
	GlobalSection(SolutionConfigurationPlatforms) = preSolution
		Debug|Any CPU = Debug|Any CPU
		Release|Any CPU = Release|Any CPU
	EndGlobalSection
	GlobalSection(ProjectConfigurationPlatforms) = postSolution
		{28FD8805-20EC-4841-AD0C-EDACD1246AB9}.Debug|Any CPU.ActiveCfg = Debug|Any CPU
		{28FD8805-20EC-4841-AD0C-EDACD1246AB9}.Debug|Any CPU.Build.0 = Debug|Any CPU
		{28FD8805-20EC-4841-AD0C-EDACD1246AB9}.Release|Any CPU.ActiveCfg = Release|Any CPU
		{28FD8805-20EC-4841-AD0C-EDACD1246AB9}.Release|Any CPU.Build.0 = Release|Any CPU
		{09F8831C-464F-4067-A9AB-8F79059B49A6}.Debug|Any CPU.ActiveCfg = Debug|Any CPU
		{09F8831C-464F-4067-A9AB-8F79059B49A6}.Debug|Any CPU.Build.0 = Debug|Any CPU
		{09F8831C-464F-4067-A9AB-8F79059B49A6}.Release|Any CPU.ActiveCfg = Release|Any CPU
		{09F8831C-464F-4067-A9AB-8F79059B49A6}.Release|Any CPU.Build.0 = Release|Any CPU
		{D3CDEA17-FAC5-45C8-AA59-3D76E76F73BF}.Debug|Any CPU.ActiveCfg = Debug|Any CPU
		{D3CDEA17-FAC5-45C8-AA59-3D76E76F73BF}.Debug|Any CPU.Build.0 = Debug|Any CPU
		{D3CDEA17-FAC5-45C8-AA59-3D76E76F73BF}.Release|Any CPU.ActiveCfg = Release|Any CPU
		{D3CDEA17-FAC5-45C8-AA59-3D76E76F73BF}.Release|Any CPU.Build.0 = Release|Any CPU
		{1D2A2FC0-F2D4-4EC9-920C-1A0C58982866}.Debug|Any CPU.ActiveCfg = Debug|Any CPU
		{1D2A2FC0-F2D4-4EC9-920C-1A0C58982866}.Debug|Any CPU.Build.0 = Debug|Any CPU
		{1D2A2FC0-F2D4-4EC9-920C-1A0C58982866}.Release|Any CPU.ActiveCfg = Release|Any CPU
		{1D2A2FC0-F2D4-4EC9-920C-1A0C58982866}.Release|Any CPU.Build.0 = Release|Any CPU
	EndGlobalSection
	GlobalSection(SolutionProperties) = preSolution
		HideSolutionNode = FALSE
	EndGlobalSection
EndGlobal
